
Microsoft Visual Studio Solution File, Format Version 12.00
# Visual Studio Version 17
VisualStudioVersion = 17.6.33815.320
MinimumVisualStudioVersion = 10.0.40219.1
Project("{FAE04EC0-301F-11D3-BF4B-00C04F79EFBC}") = "ConsoleAppneumann2", "ConsoleAppneumann2\ConsoleAppneumann2.csproj", "{5109CD6C-E126-4319-96A4-47F06F463EDF}"
EndProject
Global
	GlobalSection(SolutionConfigurationPlatforms) = preSolution
		Debug|Any CPU = Debug|Any CPU
		Release|Any CPU = Release|Any CPU
	EndGlobalSection
	GlobalSection(ProjectConfigurationPlatforms) = postSolution
		{5109CD6C-E126-4319-96A4-47F06F463EDF}.Debug|Any CPU.ActiveCfg = Debug|Any CPU
		{5109CD6C-E126-4319-96A4-47F06F463EDF}.Debug|Any CPU.Build.0 = Debug|Any CPU
		{5109CD6C-E126-4319-96A4-47F06F463EDF}.Release|Any CPU.ActiveCfg = Release|Any CPU
		{5109CD6C-E126-4319-96A4-47F06F463EDF}.Release|Any CPU.Build.0 = Release|Any CPU
	EndGlobalSection
	GlobalSection(SolutionProperties) = preSolution
		HideSolutionNode = FALSE
	EndGlobalSection
	GlobalSection(ExtensibilityGlobals) = postSolution
		SolutionGuid = {3806D52E-86F2-44AA-957B-48312724F556}
	EndGlobalSection
EndGlobal
